
Microsoft Visual Studio Solution File, Format Version 12.00
# Visual Studio Version 17
VisualStudioVersion = 17.11.35303.130
MinimumVisualStudioVersion = 10.0.40219.1
Project("{FAE04EC0-301F-11D3-BF4B-00C04F79EFBC}") = "Twitter Trends", "Twitter Trends\Twitter Trends.csproj", "{43A7A298-665F-4A9E-952C-5D2087F15DE6}"
EndProject
Global
	GlobalSection(SolutionConfigurationPlatforms) = preSolution
		Debug|Any CPU = Debug|Any CPU
		Release|Any CPU = Release|Any CPU
	EndGlobalSection
	GlobalSection(ProjectConfigurationPlatforms) = postSolution
		{43A7A298-665F-4A9E-952C-5D2087F15DE6}.Debug|Any CPU.ActiveCfg = Debug|Any CPU
		{43A7A298-665F-4A9E-952C-5D2087F15DE6}.Debug|Any CPU.Build.0 = Debug|Any CPU
		{43A7A298-665F-4A9E-952C-5D2087F15DE6}.Release|Any CPU.ActiveCfg = Release|Any CPU
		{43A7A298-665F-4A9E-952C-5D2087F15DE6}.Release|Any CPU.Build.0 = Release|Any CPU
	EndGlobalSection
	GlobalSection(SolutionProperties) = preSolution
		HideSolutionNode = FALSE
	EndGlobalSection
	GlobalSection(ExtensibilityGlobals) = postSolution
		SolutionGuid = {F4F31DFE-4EA5-477B-9888-D92F0AD4E86B}
	EndGlobalSection
EndGlobal
